
Microsoft Visual Studio Solution File, Format Version 12.00
# Visual Studio 2012
Project("{FAE04EC0-301F-11D3-BF4B-00C04F79EFBC}") = "BT.RecipeQL.Domain", "BT.RecipeQL.Domain\BT.RecipeQL.Domain.csproj", "{A01DBB1C-D610-4791-A5BE-622E9F312EC8}"
EndProject
Project("{FAE04EC0-301F-11D3-BF4B-00C04F79EFBC}") = "BT.RecipeQL.Infrastructure", "BT.RecipeQL.Infrastructure\BT.RecipeQL.Infrastructure.csproj", "{B7FB0CC2-1492-445E-96BA-F4F92620E67B}"
EndProject
Project("{FAE04EC0-301F-11D3-BF4B-00C04F79EFBC}") = "BT.RecipeQL.API", "BT.RecipeQL.API\BT.RecipeQL.API.csproj", "{0325A208-EA11-4B6E-AAFB-5D7B05376F6D}"
EndProject
Global
	GlobalSection(SolutionConfigurationPlatforms) = preSolution
		Debug|Any CPU = Debug|Any CPU
		Release|Any CPU = Release|Any CPU
	EndGlobalSection
	GlobalSection(ProjectConfigurationPlatforms) = postSolution
		{A01DBB1C-D610-4791-A5BE-622E9F312EC8}.Debug|Any CPU.ActiveCfg = Debug|Any CPU
		{A01DBB1C-D610-4791-A5BE-622E9F312EC8}.Debug|Any CPU.Build.0 = Debug|Any CPU
		{A01DBB1C-D610-4791-A5BE-622E9F312EC8}.Release|Any CPU.ActiveCfg = Release|Any CPU
		{A01DBB1C-D610-4791-A5BE-622E9F312EC8}.Release|Any CPU.Build.0 = Release|Any CPU
		{B7FB0CC2-1492-445E-96BA-F4F92620E67B}.Debug|Any CPU.ActiveCfg = Debug|Any CPU
		{B7FB0CC2-1492-445E-96BA-F4F92620E67B}.Debug|Any CPU.Build.0 = Debug|Any CPU
		{B7FB0CC2-1492-445E-96BA-F4F92620E67B}.Release|Any CPU.ActiveCfg = Release|Any CPU
		{B7FB0CC2-1492-445E-96BA-F4F92620E67B}.Release|Any CPU.Build.0 = Release|Any CPU
		{0325A208-EA11-4B6E-AAFB-5D7B05376F6D}.Debug|Any CPU.ActiveCfg = Debug|Any CPU
		{0325A208-EA11-4B6E-AAFB-5D7B05376F6D}.Debug|Any CPU.Build.0 = Debug|Any CPU
		{0325A208-EA11-4B6E-AAFB-5D7B05376F6D}.Release|Any CPU.ActiveCfg = Release|Any CPU
		{0325A208-EA11-4B6E-AAFB-5D7B05376F6D}.Release|Any CPU.Build.0 = Release|Any CPU
	EndGlobalSection
EndGlobal
